// !$*UTF8*$!
{
	archiveVersion = 1;
	classes = {
	};
	objectVersion = 55;
	objects = {

/* Begin PBXBuildFile section */
		DD7825E8281E32D900299621 /* AppDelegate.swift in Sources */ = {isa = PBXBuildFile; fileRef = DD7825E7281E32D900299621 /* AppDelegate.swift */; };
		DD7825EA281E32D900299621 /* SceneDelegate.swift in Sources */ = {isa = PBXBuildFile; fileRef = DD7825E9281E32D900299621 /* SceneDelegate.swift */; };
		DD7825EC281E32D900299621 /* ViewController.swift in Sources */ = {isa = PBXBuildFile; fileRef = DD7825EB281E32D900299621 /* ViewController.swift */; };
		DD7825EF281E32D900299621 /* Main.storyboard in Resources */ = {isa = PBXBuildFile; fileRef = DD7825ED281E32D900299621 /* Main.storyboard */; };
		DD7825F1281E32D900299621 /* Assets.xcassets in Resources */ = {isa = PBXBuildFile; fileRef = DD7825F0281E32D900299621 /* Assets.xcassets */; };
		DD7825F4281E32D900299621 /* LaunchScreen.storyboard in Resources */ = {isa = PBXBuildFile; fileRef = DD7825F2281E32D900299621 /* LaunchScreen.storyboard */; };
		DD782603281F69D100299621 /* A.wav in Resources */ = {isa = PBXBuildFile; fileRef = DD7825FC281F69D100299621 /* A.wav */; };
		DD782604281F69D100299621 /* B.wav in Resources */ = {isa = PBXBuildFile; fileRef = DD7825FD281F69D100299621 /* B.wav */; };
		DD782605281F69D100299621 /* E.wav in Resources */ = {isa = PBXBuildFile; fileRef = DD7825FE281F69D100299621 /* E.wav */; };
		DD782606281F69D100299621 /* F.wav in Resources */ = {isa = PBXBuildFile; fileRef = DD7825FF281F69D100299621 /* F.wav */; };
		DD782607281F69D100299621 /* C.wav in Resources */ = {isa = PBXBuildFile; fileRef = DD782600281F69D100299621 /* C.wav */; };
		DD782608281F69D100299621 /* D.wav in Resources */ = {isa = PBXBuildFile; fileRef = DD782601281F69D100299621 /* D.wav */; };
		DD782609281F69D100299621 /* G.wav in Resources */ = {isa = PBXBuildFile; fileRef = DD782602281F69D100299621 /* G.wav */; };
/* End PBXBuildFile section */

/* Begin PBXFileReference section */
		DD7825E4281E32D900299621 /* Xylophone.app */ = {isa = PBXFileReference; explicitFileType = wrapper.application; includeInIndex = 0; path = Xylophone.app; sourceTree = BUILT_PRODUCTS_DIR; };
		DD7825E7281E32D900299621 /* AppDelegate.swift */ = {isa = PBXFileReference; lastKnownFileType = sourcecode.swift; path = AppDelegate.swift; sourceTree = "<group>"; };
		DD7825E9281E32D900299621 /* SceneDelegate.swift */ = {isa = PBXFileReference; lastKnownFileType = sourcecode.swift; path = SceneDelegate.swift; sourceTree = "<group>"; };
		DD7825EB281E32D900299621 /* ViewController.swift */ = {isa = PBXFileReference; lastKnownFileType = sourcecode.swift; path = ViewController.swift; sourceTree = "<group>"; };
		DD7825EE281E32D900299621 /* Base */ = {isa = PBXFileReference; lastKnownFileType = file.storyboard; name = Base; path = Base.lproj/Main.storyboard; sourceTree = "<group>"; };
		DD7825F0281E32D900299621 /* Assets.xcassets */ = {isa = PBXFileReference; lastKnownFileType = folder.assetcatalog; path = Assets.xcassets; sourceTree = "<group>"; };
		DD7825F3281E32D900299621 /* Base */ = {isa = PBXFileReference; lastKnownFileType = file.storyboard; name = Base; path = Base.lproj/LaunchScreen.storyboard; sourceTree = "<group>"; };
		DD7825F5281E32D900299621 /* Info.plist */ = {isa = PBXFileReference; lastKnownFileType = text.plist.xml; path = Info.plist; sourceTree = "<group>"; };
		DD7825FC281F69D100299621 /* A.wav */ = {isa = PBXFileReference; lastKnownFileType = audio.wav; name = A.wav; path = ../../../../Xylophone/Xylophone/Sounds/A.wav; sourceTree = "<group>"; };
		DD7825FD281F69D100299621 /* B.wav */ = {isa = PBXFileReference; lastKnownFileType = audio.wav; name = B.wav; path = ../../../../Xylophone/Xylophone/Sounds/B.wav; sourceTree = "<group>"; };
		DD7825FE281F69D100299621 /* E.wav */ = {isa = PBXFileReference; lastKnownFileType = audio.wav; name = E.wav; path = ../../../../Xylophone/Xylophone/Sounds/E.wav; sourceTree = "<group>"; };
		DD7825FF281F69D100299621 /* F.wav */ = {isa = PBXFileReference; lastKnownFileType = audio.wav; name = F.wav; path = ../../../../Xylophone/Xylophone/Sounds/F.wav; sourceTree = "<group>"; };
		DD782600281F69D100299621 /* C.wav */ = {isa = PBXFileReference; lastKnownFileType = audio.wav; name = C.wav; path = ../../../../Xylophone/Xylophone/Sounds/C.wav; sourceTree = "<group>"; };
		DD782601281F69D100299621 /* D.wav */ = {isa = PBXFileReference; lastKnownFileType = audio.wav; name = D.wav; path = ../../../../Xylophone/Xylophone/Sounds/D.wav; sourceTree = "<group>"; };
		DD782602281F69D100299621 /* G.wav */ = {isa = PBXFileReference; lastKnownFileType = audio.wav; name = G.wav; path = ../../../../Xylophone/Xylophone/Sounds/G.wav; sourceTree = "<group>"; };
/* End PBXFileReference section */

/* Begin PBXFrameworksBuildPhase section */
		DD7825E1281E32D900299621 /* Frameworks */ = {
			isa = PBXFrameworksBuildPhase;
			buildActionMask = 2147483647;
			files = (
			);
			runOnlyForDeploymentPostprocessing = 0;
		};
/* End PBXFrameworksBuildPhase section */

/* Begin PBXGroup section */
		DD7825DB281E32D900299621 = {
			isa = PBXGroup;
			children = (
				DD7825E6281E32D900299621 /* Xylophone */,
				DD7825E5281E32D900299621 /* Products */,
			);
			sourceTree = "<group>";
		};
		DD7825E5281E32D900299621 /* Products */ = {
			isa = PBXGroup;
			children = (
				DD7825E4281E32D900299621 /* Xylophone.app */,
			);
			name = Products;
			sourceTree = "<group>";
		};
		DD7825E6281E32D900299621 /* Xylophone */ = {
			isa = PBXGroup;
			children = (
				DD7825E7281E32D900299621 /* AppDelegate.swift */,
				DD7825EB281E32D900299621 /* ViewController.swift */,
				DD7825E9281E32D900299621 /* SceneDelegate.swift */,
				DD7825ED281E32D900299621 /* Main.storyboard */,
				DD7825F0281E32D900299621 /* Assets.xcassets */,
				DD7825FB281F69AC00299621 /* Sound */,
				DD7825F2281E32D900299621 /* LaunchScreen.storyboard */,
				DD7825F5281E32D900299621 /* Info.plist */,
			);
			path = Xylophone;
			sourceTree = "<group>";
		};
		DD7825FB281F69AC00299621 /* Sound */ = {
			isa = PBXGroup;
			children = (
				DD7825FC281F69D100299621 /* A.wav */,
				DD7825FD281F69D100299621 /* B.wav */,
				DD782600281F69D100299621 /* C.wav */,
				DD782601281F69D100299621 /* D.wav */,
				DD7825FE281F69D100299621 /* E.wav */,
				DD7825FF281F69D100299621 /* F.wav */,
				DD782602281F69D100299621 /* G.wav */,
			);
			path = Sound;
			sourceTree = "<group>";
		};
/* End PBXGroup section */

/* Begin PBXNativeTarget section */
		DD7825E3281E32D900299621 /* Xylophone */ = {
			isa = PBXNativeTarget;
			buildConfigurationList = DD7825F8281E32D900299621 /* Build configuration list for PBXNativeTarget "Xylophone" */;
			buildPhases = (
				DD7825E0281E32D900299621 /* Sources */,
				DD7825E1281E32D900299621 /* Frameworks */,
				DD7825E2281E32D900299621 /* Resources */,
			);
			buildRules = (
			);
			dependencies = (
			);
			name = Xylophone;
			productName = Xylophone;
			productReference = DD7825E4281E32D900299621 /* Xylophone.app */;
			productType = "com.apple.product-type.application";
		};
/* End PBXNativeTarget section */

/* Begin PBXProject section */
		DD7825DC281E32D900299621 /* Project object */ = {
			isa = PBXProject;
			attributes = {
				BuildIndependentTargetsInParallel = 1;
				LastSwiftUpdateCheck = 1330;
				LastUpgradeCheck = 1330;
				TargetAttributes = {
					DD7825E3281E32D900299621 = {
						CreatedOnToolsVersion = 13.3;
					};
				};
			};
			buildConfigurationList = DD7825DF281E32D900299621 /* Build configuration list for PBXProject "Xylophone" */;
			compatibilityVersion = "Xcode 13.0";
			developmentRegion = en;
			hasScannedForEncodings = 0;
			knownRegions = (
				en,
				Base,
			);
			mainGroup = DD7825DB281E32D900299621;
			productRefGroup = DD7825E5281E32D900299621 /* Products */;
			projectDirPath = "";
			projectRoot = "";
			targets = (
				DD7825E3281E32D900299621 /* Xylophone */,
			);
		};
/* End PBXProject section */

/* Begin PBXResourcesBuildPhase section */
		DD7825E2281E32D900299621 /* Resources */ = {
			isa = PBXResourcesBuildPhase;
			buildActionMask = 2147483647;
			files = (
				DD782608281F69D100299621 /* D.wav in Resources */,
				DD782605281F69D100299621 /* E.wav in Resources */,
				DD782606281F69D100299621 /* F.wav in Resources */,
				DD7825F4281E32D900299621 /* LaunchScreen.storyboard in Resources */,
				DD782604281F69D100299621 /* B.wav in Resources */,
				DD782607281F69D100299621 /* C.wav in Resources */,
				DD782609281F69D100299621 /* G.wav in Resources */,
				DD7825F1281E32D900299621 /* Assets.xcassets in Resources */,
				DD782603281F69D100299621 /* A.wav in Resources */,
				DD7825EF281E32D900299621 /* Main.storyboard in Resources */,
			);
			runOnlyForDeploymentPostprocessing = 0;
		};
/* End PBXResourcesBuildPhase section */

/* Begin PBXSourcesBuildPhase section */
		DD7825E0281E32D900299621 /* Sources */ = {
			isa = PBXSourcesBuildPhase;
			buildActionMask = 2147483647;
			files = (
				DD7825EC281E32D900299621 /* ViewController.swift in Sources */,
				DD7825E8281E32D900299621 /* AppDelegate.swift in Sources */,
				DD7825EA281E32D900299621 /* SceneDelegate.swift in Sources */,
			);
			runOnlyForDeploymentPostprocessing = 0;
		};
/* End PBXSourcesBuildPhase section */

/* Begin PBXVariantGroup section */
		DD7825ED281E32D900299621 /* Main.storyboard */ = {
			isa = PBXVariantGroup;
			children = (
				DD7825EE281E32D900299621 /* Base */,
			);
			name = Main.storyboard;
			sourceTree = "<group>";
		};
		DD7825F2281E32D900299621 /* LaunchScreen.storyboard */ = {
			isa = PBXVariantGroup;
			children = (
				DD7825F3281E32D900299621 /* Base */,
			);
			name = LaunchScreen.storyboard;
			sourceTree = "<group>";
		};
/* End PBXVariantGroup section */

/* Begin XCBuildConfiguration section */
		DD7825F6281E32D900299621 /* Debug */ = {
			isa = XCBuildConfiguration;
			buildSettings = {
				ALWAYS_SEARCH_USER_PATHS = NO;
				CLANG_ANALYZER_NONNULL = YES;
				CLANG_ANALYZER_NUMBER_OBJECT_CONVERSION = YES_AGGRESSIVE;
				CLANG_CXX_LANGUAGE_STANDARD = "gnu++17";
				CLANG_ENABLE_MODULES = YES;
				CLANG_ENABLE_OBJC_ARC = YES;
				CLANG_ENABLE_OBJC_WEAK = YES;
				CLANG_WARN_BLOCK_CAPTURE_AUTORELEASING = YES;
				CLANG_WARN_BOOL_CONVERSION = YES;
				CLANG_WARN_COMMA = YES;
				CLANG_WARN_CONSTANT_CONVERSION = YES;
				CLANG_WARN_DEPRECATED_OBJC_IMPLEMENTATIONS = YES;
				CLANG_WARN_DIRECT_OBJC_ISA_USAGE = YES_ERROR;
				CLANG_WARN_DOCUMENTATION_COMMENTS = YES;
				CLANG_WARN_EMPTY_BODY = YES;
				CLANG_WARN_ENUM_CONVERSION = YES;
				CLANG_WARN_INFINITE_RECURSION = YES;
				CLANG_WARN_INT_CONVERSION = YES;
				CLANG_WARN_NON_LITERAL_NULL_CONVERSION = YES;
				CLANG_WARN_OBJC_IMPLICIT_RETAIN_SELF = YES;
				CLANG_WARN_OBJC_LITERAL_CONVERSION = YES;
				CLANG_WARN_OBJC_ROOT_CLASS = YES_ERROR;
				CLANG_WARN_QUOTED_INCLUDE_IN_FRAMEWORK_HEADER = YES;
				CLANG_WARN_RANGE_LOOP_ANALYSIS = YES;
				CLANG_WARN_STRICT_PROTOTYPES = YES;
				CLANG_WARN_SUSPICIOUS_MOVE = YES;
				CLANG_WARN_UNGUARDED_AVAILABILITY = YES_AGGRESSIVE;
				CLANG_WARN_UNREACHABLE_CODE = YES;
				CLANG_WARN__DUPLICATE_METHOD_MATCH = YES;
				COPY_PHASE_STRIP = NO;
				DEBUG_INFORMATION_FORMAT = dwarf;
				ENABLE_STRICT_OBJC_MSGSEND = YES;
				ENABLE_TESTABILITY = YES;
				GCC_C_LANGUAGE_STANDARD = gnu11;
				GCC_DYNAMIC_NO_PIC = NO;
				GCC_NO_COMMON_BLOCKS = YES;
				GCC_OPTIMIZATION_LEVEL = 0;
				GCC_PREPROCESSOR_DEFINITIONS = (
					"DEBUG=1",
					"$(inherited)",
				);
				GCC_WARN_64_TO_32_BIT_CONVERSION = YES;
				GCC_WARN_ABOUT_RETURN_TYPE = YES_ERROR;
				GCC_WARN_UNDECLARED_SELECTOR = YES;
				GCC_WARN_UNINITIALIZED_AUTOS = YES_AGGRESSIVE;
				GCC_WARN_UNUSED_FUNCTION = YES;
				GCC_WARN_UNUSED_VARIABLE = YES;
				IPHONEOS_DEPLOYMENT_TARGET = 15.4;
				MTL_ENABLE_DEBUG_INFO = INCLUDE_SOURCE;
				MTL_FAST_MATH = YES;
				ONLY_ACTIVE_ARCH = YES;
				SDKROOT = iphoneos;
				SWIFT_ACTIVE_COMPILATION_CONDITIONS = DEBUG;
				SWIFT_OPTIMIZATION_LEVEL = "-Onone";
			};
			name = Debug;
		};
		DD7825F7281E32D900299621 /* Release */ = {
			isa = XCBuildConfiguration;
			buildSettings = {
				ALWAYS_SEARCH_USER_PATHS = NO;
				CLANG_ANALYZER_NONNULL = YES;
				CLANG_ANALYZER_NUMBER_OBJECT_CONVERSION = YES_AGGRESSIVE;
				CLANG_CXX_LANGUAGE_STANDARD = "gnu++17";
				CLANG_ENABLE_MODULES = YES;
				CLANG_ENABLE_OBJC_ARC = YES;
				CLANG_ENABLE_OBJC_WEAK = YES;
				CLANG_WARN_BLOCK_CAPTURE_AUTORELEASING = YES;
				CLANG_WARN_BOOL_CONVERSION = YES;
				CLANG_WARN_COMMA = YES;
				CLANG_WARN_CONSTANT_CONVERSION = YES;
				CLANG_WARN_DEPRECATED_OBJC_IMPLEMENTATIONS = YES;
				CLANG_WARN_DIRECT_OBJC_ISA_USAGE = YES_ERROR;
				CLANG_WARN_DOCUMENTATION_COMMENTS = YES;
				CLANG_WARN_EMPTY_BODY = YES;
				CLANG_WARN_ENUM_CONVERSION = YES;
				CLANG_WARN_INFINITE_RECURSION = YES;
				CLANG_WARN_INT_CONVERSION = YES;
				CLANG_WARN_NON_LITERAL_NULL_CONVERSION = YES;
				CLANG_WARN_OBJC_IMPLICIT_RETAIN_SELF = YES;
				CLANG_WARN_OBJC_LITERAL_CONVERSION = YES;
				CLANG_WARN_OBJC_ROOT_CLASS = YES_ERROR;
				CLANG_WARN_QUOTED_INCLUDE_IN_FRAMEWORK_HEADER = YES;
				CLANG_WARN_RANGE_LOOP_ANALYSIS = YES;
				CLANG_WARN_STRICT_PROTOTYPES = YES;
				CLANG_WARN_SUSPICIOUS_MOVE = YES;
				CLANG_WARN_UNGUARDED_AVAILABILITY = YES_AGGRESSIVE;
				CLANG_WARN_UNREACHABLE_CODE = YES;
				CLANG_WARN__DUPLICATE_METHOD_MATCH = YES;
				COPY_PHASE_STRIP = NO;
				DEBUG_INFORMATION_FORMAT = "dwarf-with-dsym";
				ENABLE_NS_ASSERTIONS = NO;
				ENABLE_STRICT_OBJC_MSGSEND = YES;
				GCC_C_LANGUAGE_STANDARD = gnu11;
				GCC_NO_COMMON_BLOCKS = YES;
				GCC_WARN_64_TO_32_BIT_CONVERSION = YES;
				GCC_WARN_ABOUT_RETURN_TYPE = YES_ERROR;
				GCC_WARN_UNDECLARED_SELECTOR = YES;
				GCC_WARN_UNINITIALIZED_AUTOS = YES_AGGRESSIVE;
				GCC_WARN_UNUSED_FUNCTION = YES;
				GCC_WARN_UNUSED_VARIABLE = YES;
				IPHONEOS_DEPLOYMENT_TARGET = 15.4;
				MTL_ENABLE_DEBUG_INFO = NO;
				MTL_FAST_MATH = YES;
				SDKROOT = iphoneos;
				SWIFT_COMPILATION_MODE = wholemodule;
				SWIFT_OPTIMIZATION_LEVEL = "-O";
				VALIDATE_PRODUCT = YES;
			};
			name = Release;
		};
		DD7825F9281E32D900299621 /* Debug */ = {
			isa = XCBuildConfiguration;
			buildSettings = {
				ASSETCATALOG_COMPILER_APPICON_NAME = AppIcon;
				ASSETCATALOG_COMPILER_GLOBAL_ACCENT_COLOR_NAME = AccentColor;
				CODE_SIGN_STYLE = Automatic;
				CURRENT_PROJECT_VERSION = 1;
				GENERATE_INFOPLIST_FILE = YES;
				INFOPLIST_FILE = Xylophone/Info.plist;
				INFOPLIST_KEY_UIApplicationSupportsIndirectInputEvents = YES;
				INFOPLIST_KEY_UILaunchStoryboardName = LaunchScreen;
				INFOPLIST_KEY_UIMainStoryboardFile = Main;
				INFOPLIST_KEY_UISupportedInterfaceOrientations_iPad = "UIInterfaceOrientationPortrait UIInterfaceOrientationPortraitUpsideDown UIInterfaceOrientationLandscapeLeft UIInterfaceOrientationLandscapeRight";
				INFOPLIST_KEY_UISupportedInterfaceOrientations_iPhone = "UIInterfaceOrientationPortrait UIInterfaceOrientationLandscapeLeft UIInterfaceOrientationLandscapeRight";
				LD_RUNPATH_SEARCH_PATHS = (
					"$(inherited)",
					"@executable_path/Frameworks",
				);
				MARKETING_VERSION = 1.0;
				PRODUCT_BUNDLE_IDENTIFIER = com.victoraps.Xylophone;
				PRODUCT_NAME = "$(TARGET_NAME)";
				SWIFT_EMIT_LOC_STRINGS = YES;
				SWIFT_VERSION = 5.0;
				TARGETED_DEVICE_FAMILY = "1,2";
			};
			name = Debug;
		};
		DD7825FA281E32D900299621 /* Release */ = {
			isa = XCBuildConfiguration;
			buildSettings = {
				ASSETCATALOG_COMPILER_APPICON_NAME = AppIcon;
				ASSETCATALOG_COMPILER_GLOBAL_ACCENT_COLOR_NAME = AccentColor;
				CODE_SIGN_STYLE = Automatic;
				CURRENT_PROJECT_VERSION = 1;
				GENERATE_INFOPLIST_FILE = YES;
				INFOPLIST_FILE = Xylophone/Info.plist;
				INFOPLIST_KEY_UIApplicationSupportsIndirectInputEvents = YES;
				INFOPLIST_KEY_UILaunchStoryboardName = LaunchScreen;
				INFOPLIST_KEY_UIMainStoryboardFile = Main;
				INFOPLIST_KEY_UISupportedInterfaceOrientations_iPad = "UIInterfaceOrientationPortrait UIInterfaceOrientationPortraitUpsideDown UIInterfaceOrientationLandscapeLeft UIInterfaceOrientationLandscapeRight";
				INFOPLIST_KEY_UISupportedInterfaceOrientations_iPhone = "UIInterfaceOrientationPortrait UIInterfaceOrientationLandscapeLeft UIInterfaceOrientationLandscapeRight";
				LD_RUNPATH_SEARCH_PATHS = (
					"$(inherited)",
					"@executable_path/Frameworks",
				);
				MARKETING_VERSION = 1.0;
				PRODUCT_BUNDLE_IDENTIFIER = com.victoraps.Xylophone;
				PRODUCT_NAME = "$(TARGET_NAME)";
				SWIFT_EMIT_LOC_STRINGS = YES;
				SWIFT_VERSION = 5.0;
				TARGETED_DEVICE_FAMILY = "1,2";
			};
			name = Release;
		};
/* End XCBuildConfiguration section */

/* Begin XCConfigurationList section */
		DD7825DF281E32D900299621 /* Build configuration list for PBXProject "Xylophone" */ = {
			isa = XCConfigurationList;
			buildConfigurations = (
				DD7825F6281E32D900299621 /* Debug */,
				DD7825F7281E32D900299621 /* Release */,
			);
			defaultConfigurationIsVisible = 0;
			defaultConfigurationName = Release;
		};
		DD7825F8281E32D900299621 /* Build configuration list for PBXNativeTarget "Xylophone" */ = {
			isa = XCConfigurationList;
			buildConfigurations = (
				DD7825F9281E32D900299621 /* Debug */,
				DD7825FA281E32D900299621 /* Release */,
			);
			defaultConfigurationIsVisible = 0;
			defaultConfigurationName = Release;
		};
/* End XCConfigurationList section */
	};
	rootObject = DD7825DC281E32D900299621 /* Project object */;
}
